
Microsoft Visual Studio Solution File, Format Version 12.00
# Visual Studio Version 17
VisualStudioVersion = 17.5.33530.505
MinimumVisualStudioVersion = 10.0.40219.1
Project("{FAE04EC0-301F-11D3-BF4B-00C04F79EFBC}") = "DataEncrypt", "DataEncrypt\DataEncrypt.csproj", "{A1CA6529-3A34-4BF5-9612-E729714E8958}"
EndProject
Global
	GlobalSection(SolutionConfigurationPlatforms) = preSolution
		Debug|Any CPU = Debug|Any CPU
		Release|Any CPU = Release|Any CPU
	EndGlobalSection
	GlobalSection(ProjectConfigurationPlatforms) = postSolution
		{A1CA6529-3A34-4BF5-9612-E729714E8958}.Debug|Any CPU.ActiveCfg = Debug|Any CPU
		{A1CA6529-3A34-4BF5-9612-E729714E8958}.Debug|Any CPU.Build.0 = Debug|Any CPU
		{A1CA6529-3A34-4BF5-9612-E729714E8958}.Release|Any CPU.ActiveCfg = Release|Any CPU
		{A1CA6529-3A34-4BF5-9612-E729714E8958}.Release|Any CPU.Build.0 = Release|Any CPU
	EndGlobalSection
	GlobalSection(SolutionProperties) = preSolution
		HideSolutionNode = FALSE
	EndGlobalSection
	GlobalSection(ExtensibilityGlobals) = postSolution
		SolutionGuid = {C30AB6B1-A16C-4391-8100-F0A0F7333999}
	EndGlobalSection
EndGlobal
